<?xml version="1.0" encoding="UTF-8"?>
<Scheme
   version = "1.3">
   <BuildAction>
      <BuildActionEntries>
         <BuildActionEntry
            buildForRunning = "YES">
            <BuildableReference
               BuildableIdentifier = "primary"
               BlueprintIdentifier = "E9393B412255EE9B00F4BC68"
               BuildableName = "DC2019_Swift_iOS.app"
               BlueprintName = "DC2019_Swift_iOS"
               ReferencedContainer = "container:DC2019_Swift_iOS.xcodeproj">
            </BuildableReference>
         </BuildActionEntry>
      </BuildActionEntries>
   </BuildAction>
   <LaunchAction
      useCustomWorkingDirectory = "NO"
      buildConfiguration = "Debug"
      allowLocationSimulation = "YES">
      <BuildableProductRunnable>
         <BuildableReference
            BuildableIdentifier = "primary"
            BlueprintIdentifier = "E9393B412255EE9B00F4BC68"
            BuildableName = "DC2019_Swift_iOS.app"
            BlueprintName = "DC2019_Swift_iOS"
            ReferencedContainer = "container:DC2019_Swift_iOS.xcodeproj">
         </BuildableReference>
      </BuildableProductRunnable>
   </LaunchAction>
</Scheme>
